<?xml version="1.0" encoding="utf-8"?>
<Project ToolsVersion="4.0" xmlns="http://schemas.microsoft.com/developer/msbuild/2003">
  <ItemGroup>
    <Filter Include="arm_cc_stubs">
      <UniqueIdentifier>{2bf49f5d-130a-403e-809e-06eca7f5a0e3}</UniqueIdentifier>
    </Filter>
    <Filter Include="external">
      <UniqueIdentifier>{cec71a4d-45ab-4aea-bdc0-41544748a18a}</UniqueIdentifier>
    </Filter>
    <Filter Include="rtos">
      <UniqueIdentifier>{42211365-56e3-436a-ba4a-3731887eddfc}</UniqueIdentifier>
    </Filter>
    <Filter Include="rtos\Source Files">
      <UniqueIdentifier>{4FC737F1-C7A5-4376-A066-2A32D752A2FF}</UniqueIdentifier>
      <Extensions>cpp;c;cc;cxx;c++;def;odl;idl;hpj;bat;asm;asmx</Extensions>
    </Filter>
    <Filter Include="rtos\Header Files">
      <UniqueIdentifier>{7319ad1c-eb95-4ef5-a083-1088bd9f4566}</UniqueIdentifier>
    </Filter>
    <Filter Include="rtos\Header Files\scheduler">
      <UniqueIdentifier>{1d65a30c-1821-4d3d-85fa-e77e3460b812}</UniqueIdentifier>
    </Filter>
    <Filter Include="User">
      <UniqueIdentifier>{44cf87a5-9230-4850-a85d-95d4625b184f}</UniqueIdentifier>
    </Filter>
    <Filter Include="User\Source Files">
      <UniqueIdentifier>{d4b0331b-86d0-461a-8c96-7e31e6460626}</UniqueIdentifier>
    </Filter>
    <Filter Include="User\Header Files">
      <UniqueIdentifier>{93995380-89BD-4b04-88EB-625FBE52EBFB}</UniqueIdentifier>
      <Extensions>h;hh;hpp;hxx;h++;hm;inl;inc;ipp;xsd</Extensions>
    </Filter>
    <Filter Include="other">
      <UniqueIdentifier>{f507cfda-a143-464d-98fa-0f3c6e82894d}</UniqueIdentifier>
    </Filter>
  </ItemGroup>
  <ItemGroup>
    <ClCompile Include="..\rtos\source\hardware\armv7m\hardware.cpp">
      <Filter>rtos\Source Files</Filter>
    </ClCompile>
    <ClCompile Include="..\rtos\source\kernel.cpp">
      <Filter>rtos\Source Files</Filter>
    </ClCompile>
    <ClCompile Include="..\source\main\main.cpp">
      <Filter>User\Source Files</Filter>
    </ClCompile>
  </ItemGroup>
  <ItemGroup>
    <ClInclude Include="arm_compat.h">
      <Filter>arm_cc_stubs</Filter>
    </ClInclude>
    <ClInclude Include="..\rtos\source\scheduler\wait_list.hpp">
      <Filter>rtos\Header Files\scheduler</Filter>
    </ClInclude>
    <ClInclude Include="..\rtos\source\scheduler\wait_conditions.hpp">
      <Filter>rtos\Header Files\scheduler</Filter>
    </ClInclude>
    <ClInclude Include="..\rtos\source\scheduler\scheduler.hpp">
      <Filter>rtos\Header Files\scheduler</Filter>
    </ClInclude>
    <ClInclude Include="..\rtos\source\scheduler\ready_list.hpp">
      <Filter>rtos\Header Files\scheduler</Filter>
    </ClInclude>
    <ClInclude Include="..\rtos\source\common\circular_list.hpp">
      <Filter>rtos\Header Files</Filter>
    </ClInclude>
    <ClInclude Include="..\rtos\source\event\event.hpp">
      <Filter>rtos\Header Files</Filter>
    </ClInclude>
    <ClInclude Include="..\rtos\source\handle\handle.hpp">
      <Filter>rtos\Header Files</Filter>
    </ClInclude>
    <ClInclude Include="..\rtos\source\hardware\hardware.hpp">
      <Filter>rtos\Header Files</Filter>
    </ClInclude>
    <ClInclude Include="..\rtos\source\kernel.hpp">
      <Filter>rtos\Header Files</Filter>
    </ClInclude>
    <ClInclude Include="..\rtos\source\common\memory_buffer.hpp">
      <Filter>rtos\Header Files</Filter>
    </ClInclude>
    <ClInclude Include="..\rtos\source\task\task.hpp">
      <Filter>rtos\Header Files</Filter>
    </ClInclude>
    <ClInclude Include="..\rtos\source\timer\timer.hpp">
      <Filter>rtos\Header Files</Filter>
    </ClInclude>
  </ItemGroup>
  <ItemGroup>
    <None Include="..\external\st\STM32F10x\startup_stm32f10x_hd.s">
      <Filter>external</Filter>
    </None>
    <None Include="..\README.md">
      <Filter>other</Filter>
    </None>
  </ItemGroup>
</Project>